// !$*UTF8*$!
{
	archiveVersion = 1;
	classes = {
	};
	objectVersion = 77;
	objects = {

/* Begin PBXBuildFile section */
		A28F52692CE9A12300D39FF3 /* OpenImmersiveLib in Frameworks */ = {isa = PBXBuildFile; productRef = A28F52682CE9A12300D39FF3 /* OpenImmersiveLib */; };
		A28F526C2CE9A1C900D39FF3 /* README.md in Resources */ = {isa = PBXBuildFile; fileRef = A28F526B2CE9A1C900D39FF3 /* README.md */; };
		A28F526D2CE9A1C900D39FF3 /* LICENSE in Resources */ = {isa = PBXBuildFile; fileRef = A28F526A2CE9A1C900D39FF3 /* LICENSE */; };
/* End PBXBuildFile section */

/* Begin PBXFileReference section */
		A28F526A2CE9A1C900D39FF3 /* LICENSE */ = {isa = PBXFileReference; lastKnownFileType = text; path = LICENSE; sourceTree = "<group>"; };
		A28F526B2CE9A1C900D39FF3 /* README.md */ = {isa = PBXFileReference; lastKnownFileType = net.daringfireball.markdown; path = README.md; sourceTree = "<group>"; };
		A2BF9A612C9DEBCD000975F2 /* OpenImmersiveApp.app */ = {isa = PBXFileReference; explicitFileType = wrapper.application; includeInIndex = 0; path = OpenImmersiveApp.app; sourceTree = BUILT_PRODUCTS_DIR; };
/* End PBXFileReference section */

/* Begin PBXFileSystemSynchronizedBuildFileExceptionSet section */
		A2BF9A7C2C9DEBCE000975F2 /* Exceptions for "OpenImmersiveApp" folder in "OpenImmersiveApp" target */ = {
			isa = PBXFileSystemSynchronizedBuildFileExceptionSet;
			membershipExceptions = (
				Info.plist,
			);
			target = A2BF9A602C9DEBCD000975F2 /* OpenImmersiveApp */;
		};
/* End PBXFileSystemSynchronizedBuildFileExceptionSet section */

/* Begin PBXFileSystemSynchronizedRootGroup section */
		A2BF9A632C9DEBCD000975F2 /* OpenImmersiveApp */ = {
			isa = PBXFileSystemSynchronizedRootGroup;
			exceptions = (
				A2BF9A7C2C9DEBCE000975F2 /* Exceptions for "OpenImmersiveApp" folder in "OpenImmersiveApp" target */,
			);
			path = OpenImmersiveApp;
			sourceTree = "<group>";
		};
/* End PBXFileSystemSynchronizedRootGroup section */

/* Begin PBXFrameworksBuildPhase section */
		A2BF9A5E2C9DEBCD000975F2 /* Frameworks */ = {
			isa = PBXFrameworksBuildPhase;
			buildActionMask = 2147483647;
			files = (
				A28F52692CE9A12300D39FF3 /* OpenImmersiveLib in Frameworks */,
			);
			runOnlyForDeploymentPostprocessing = 0;
		};
/* End PBXFrameworksBuildPhase section */

/* Begin PBXGroup section */
		A2712A482CC6FAB100EA709B /* Frameworks */ = {
			isa = PBXGroup;
			children = (
			);
			name = Frameworks;
			sourceTree = "<group>";
		};
		A2BF9A582C9DEBCD000975F2 = {
			isa = PBXGroup;
			children = (
				A28F526A2CE9A1C900D39FF3 /* LICENSE */,
				A28F526B2CE9A1C900D39FF3 /* README.md */,
				A2BF9A632C9DEBCD000975F2 /* OpenImmersiveApp */,
				A2712A482CC6FAB100EA709B /* Frameworks */,
				A2BF9A622C9DEBCD000975F2 /* Products */,
			);
			sourceTree = "<group>";
		};
		A2BF9A622C9DEBCD000975F2 /* Products */ = {
			isa = PBXGroup;
			children = (
				A2BF9A612C9DEBCD000975F2 /* OpenImmersiveApp.app */,
			);
			name = Products;
			sourceTree = "<group>";
		};
/* End PBXGroup section */

/* Begin PBXNativeTarget section */
		A2BF9A602C9DEBCD000975F2 /* OpenImmersiveApp */ = {
			isa = PBXNativeTarget;
			buildConfigurationList = A2BF9A7D2C9DEBCE000975F2 /* Build configuration list for PBXNativeTarget "OpenImmersiveApp" */;
			buildPhases = (
				A2BF9A5D2C9DEBCD000975F2 /* Sources */,
				A2BF9A5E2C9DEBCD000975F2 /* Frameworks */,
				A2BF9A5F2C9DEBCD000975F2 /* Resources */,
			);
			buildRules = (
			);
			dependencies = (
			);
			fileSystemSynchronizedGroups = (
				A2BF9A632C9DEBCD000975F2 /* OpenImmersiveApp */,
			);
			name = OpenImmersiveApp;
			packageProductDependencies = (
				A28F52682CE9A12300D39FF3 /* OpenImmersiveLib */,
			);
			productName = Acute;
			productReference = A2BF9A612C9DEBCD000975F2 /* OpenImmersiveApp.app */;
			productType = "com.apple.product-type.application";
		};
/* End PBXNativeTarget section */

/* Begin PBXProject section */
		A2BF9A592C9DEBCD000975F2 /* Project object */ = {
			isa = PBXProject;
			attributes = {
				BuildIndependentTargetsInParallel = 1;
				LastSwiftUpdateCheck = 1600;
				LastUpgradeCheck = 2600;
				TargetAttributes = {
					A2BF9A602C9DEBCD000975F2 = {
						CreatedOnToolsVersion = 16.0;
					};
				};
			};
			buildConfigurationList = A2BF9A5C2C9DEBCD000975F2 /* Build configuration list for PBXProject "OpenImmersive" */;
			developmentRegion = en;
			hasScannedForEncodings = 0;
			knownRegions = (
				en,
				Base,
			);
			mainGroup = A2BF9A582C9DEBCD000975F2;
			minimizedProjectReferenceProxies = 1;
			packageReferences = (
				A28F52672CE9A12300D39FF3 /* XCRemoteSwiftPackageReference "openimmersivelib" */,
			);
			preferredProjectObjectVersion = 77;
			productRefGroup = A2BF9A622C9DEBCD000975F2 /* Products */;
			projectDirPath = "";
			projectRoot = "";
			targets = (
				A2BF9A602C9DEBCD000975F2 /* OpenImmersiveApp */,
			);
		};
/* End PBXProject section */

/* Begin PBXResourcesBuildPhase section */
		A2BF9A5F2C9DEBCD000975F2 /* Resources */ = {
			isa = PBXResourcesBuildPhase;
			buildActionMask = 2147483647;
			files = (
				A28F526C2CE9A1C900D39FF3 /* README.md in Resources */,
				A28F526D2CE9A1C900D39FF3 /* LICENSE in Resources */,
			);
			runOnlyForDeploymentPostprocessing = 0;
		};
/* End PBXResourcesBuildPhase section */

/* Begin PBXSourcesBuildPhase section */
		A2BF9A5D2C9DEBCD000975F2 /* Sources */ = {
			isa = PBXSourcesBuildPhase;
			buildActionMask = 2147483647;
			files = (
			);
			runOnlyForDeploymentPostprocessing = 0;
		};
/* End PBXSourcesBuildPhase section */

/* Begin XCBuildConfiguration section */
		A2BF9A7E2C9DEBCE000975F2 /* Debug */ = {
			isa = XCBuildConfiguration;
			buildSettings = {
				ASSETCATALOG_COMPILER_APPICON_NAME = AppIcon;
				ASSETCATALOG_COMPILER_GLOBAL_ACCENT_COLOR_NAME = AccentColor;
				CODE_SIGN_STYLE = Automatic;
				CURRENT_PROJECT_VERSION = 1.6.0;
				DEVELOPMENT_ASSET_PATHS = "";
				DEVELOPMENT_TEAM = 2HC7W7J69T;
				ENABLE_PREVIEWS = YES;
				GENERATE_INFOPLIST_FILE = YES;
				INFOPLIST_FILE = "$(TARGET_NAME)/Info.plist";
				INFOPLIST_KEY_CFBundleDisplayName = OpenImmersive;
				INFOPLIST_KEY_ITSAppUsesNonExemptEncryption = NO;
				INFOPLIST_KEY_NSPhotoLibraryUsageDescription = "This app requires access to your photo library to select immersive videos.";
				LD_RUNPATH_SEARCH_PATHS = (
					"$(inherited)",
					"@executable_path/Frameworks",
				);
				MARKETING_VERSION = 1.6;
				PRODUCT_BUNDLE_IDENTIFIER = com.uxuios.openimmersive;
				PRODUCT_NAME = "$(TARGET_NAME)";
				SUPPORTED_PLATFORMS = "xros xrsimulator";
				SWIFT_APPROACHABLE_CONCURRENCY = YES;
				SWIFT_DEFAULT_ACTOR_ISOLATION = MainActor;
				SWIFT_EMIT_LOC_STRINGS = YES;
				SWIFT_VERSION = 6.0;
				TARGETED_DEVICE_FAMILY = 7;
				XROS_DEPLOYMENT_TARGET = 26.0;
			};
			name = Debug;
		};
		A2BF9A7F2C9DEBCE000975F2 /* Release */ = {
			isa = XCBuildConfiguration;
			buildSettings = {
				ASSETCATALOG_COMPILER_APPICON_NAME = AppIcon;
				ASSETCATALOG_COMPILER_GLOBAL_ACCENT_COLOR_NAME = AccentColor;
				CODE_SIGN_STYLE = Automatic;
				CURRENT_PROJECT_VERSION = 1.6.0;
				DEVELOPMENT_ASSET_PATHS = "";
				DEVELOPMENT_TEAM = 2HC7W7J69T;
				ENABLE_PREVIEWS = YES;
				GENERATE_INFOPLIST_FILE = YES;
				INFOPLIST_FILE = "$(TARGET_NAME)/Info.plist";
				INFOPLIST_KEY_CFBundleDisplayName = OpenImmersive;
				INFOPLIST_KEY_ITSAppUsesNonExemptEncryption = NO;
				INFOPLIST_KEY_NSPhotoLibraryUsageDescription = "This app requires access to your photo library to select immersive videos.";
				LD_RUNPATH_SEARCH_PATHS = (
					"$(inherited)",
					"@executable_path/Frameworks",
				);
				MARKETING_VERSION = 1.6;
				PRODUCT_BUNDLE_IDENTIFIER = com.uxuios.openimmersive;
				PRODUCT_NAME = "$(TARGET_NAME)";
				SUPPORTED_PLATFORMS = "xros xrsimulator";
				SWIFT_APPROACHABLE_CONCURRENCY = YES;
				SWIFT_DEFAULT_ACTOR_ISOLATION = MainActor;
				SWIFT_EMIT_LOC_STRINGS = YES;
				SWIFT_VERSION = 6.0;
				TARGETED_DEVICE_FAMILY = 7;
				XROS_DEPLOYMENT_TARGET = 26.0;
			};
			name = Release;
		};
		A2BF9A802C9DEBCE000975F2 /* Debug */ = {
			isa = XCBuildConfiguration;
			buildSettings = {
				ALWAYS_SEARCH_USER_PATHS = NO;
				ASSETCATALOG_COMPILER_GENERATE_SWIFT_ASSET_SYMBOL_EXTENSIONS = YES;
				CLANG_ANALYZER_NONNULL = YES;
				CLANG_ANALYZER_NUMBER_OBJECT_CONVERSION = YES_AGGRESSIVE;
				CLANG_CXX_LANGUAGE_STANDARD = "gnu++20";
				CLANG_ENABLE_MODULES = YES;
				CLANG_ENABLE_OBJC_ARC = YES;
				CLANG_ENABLE_OBJC_WEAK = YES;
				CLANG_WARN_BLOCK_CAPTURE_AUTORELEASING = YES;
				CLANG_WARN_BOOL_CONVERSION = YES;
				CLANG_WARN_COMMA = YES;
				CLANG_WARN_CONSTANT_CONVERSION = YES;
				CLANG_WARN_DEPRECATED_OBJC_IMPLEMENTATIONS = YES;
				CLANG_WARN_DIRECT_OBJC_ISA_USAGE = YES_ERROR;
				CLANG_WARN_DOCUMENTATION_COMMENTS = YES;
				CLANG_WARN_EMPTY_BODY = YES;
				CLANG_WARN_ENUM_CONVERSION = YES;
				CLANG_WARN_INFINITE_RECURSION = YES;
				CLANG_WARN_INT_CONVERSION = YES;
				CLANG_WARN_NON_LITERAL_NULL_CONVERSION = YES;
				CLANG_WARN_OBJC_IMPLICIT_RETAIN_SELF = YES;
				CLANG_WARN_OBJC_LITERAL_CONVERSION = YES;
				CLANG_WARN_OBJC_ROOT_CLASS = YES_ERROR;
				CLANG_WARN_QUOTED_INCLUDE_IN_FRAMEWORK_HEADER = YES;
				CLANG_WARN_RANGE_LOOP_ANALYSIS = YES;
				CLANG_WARN_STRICT_PROTOTYPES = YES;
				CLANG_WARN_SUSPICIOUS_MOVE = YES;
				CLANG_WARN_UNGUARDED_AVAILABILITY = YES_AGGRESSIVE;
				CLANG_WARN_UNREACHABLE_CODE = YES;
				CLANG_WARN__DUPLICATE_METHOD_MATCH = YES;
				COPY_PHASE_STRIP = NO;
				DEBUG_INFORMATION_FORMAT = dwarf;
				DEVELOPMENT_TEAM = N45YRSUT74;
				ENABLE_STRICT_OBJC_MSGSEND = YES;
				ENABLE_TESTABILITY = YES;
				ENABLE_USER_SCRIPT_SANDBOXING = YES;
				GCC_C_LANGUAGE_STANDARD = gnu17;
				GCC_DYNAMIC_NO_PIC = NO;
				GCC_NO_COMMON_BLOCKS = YES;
				GCC_OPTIMIZATION_LEVEL = 0;
				GCC_PREPROCESSOR_DEFINITIONS = (
					"DEBUG=1",
					"$(inherited)",
				);
				GCC_WARN_64_TO_32_BIT_CONVERSION = YES;
				GCC_WARN_ABOUT_RETURN_TYPE = YES_ERROR;
				GCC_WARN_UNDECLARED_SELECTOR = YES;
				GCC_WARN_UNINITIALIZED_AUTOS = YES_AGGRESSIVE;
				GCC_WARN_UNUSED_FUNCTION = YES;
				GCC_WARN_UNUSED_VARIABLE = YES;
				LOCALIZATION_PREFERS_STRING_CATALOGS = YES;
				MTL_ENABLE_DEBUG_INFO = INCLUDE_SOURCE;
				MTL_FAST_MATH = YES;
				ONLY_ACTIVE_ARCH = YES;
				SDKROOT = xros;
				STRING_CATALOG_GENERATE_SYMBOLS = YES;
				SWIFT_ACTIVE_COMPILATION_CONDITIONS = "DEBUG $(inherited)";
				SWIFT_OPTIMIZATION_LEVEL = "-Onone";
				XROS_DEPLOYMENT_TARGET = 2.0;
			};
			name = Debug;
		};
		A2BF9A812C9DEBCE000975F2 /* Release */ = {
			isa = XCBuildConfiguration;
			buildSettings = {
				ALWAYS_SEARCH_USER_PATHS = NO;
				ASSETCATALOG_COMPILER_GENERATE_SWIFT_ASSET_SYMBOL_EXTENSIONS = YES;
				CLANG_ANALYZER_NONNULL = YES;
				CLANG_ANALYZER_NUMBER_OBJECT_CONVERSION = YES_AGGRESSIVE;
				CLANG_CXX_LANGUAGE_STANDARD = "gnu++20";
				CLANG_ENABLE_MODULES = YES;
				CLANG_ENABLE_OBJC_ARC = YES;
				CLANG_ENABLE_OBJC_WEAK = YES;
				CLANG_WARN_BLOCK_CAPTURE_AUTORELEASING = YES;
				CLANG_WARN_BOOL_CONVERSION = YES;
				CLANG_WARN_COMMA = YES;
				CLANG_WARN_CONSTANT_CONVERSION = YES;
				CLANG_WARN_DEPRECATED_OBJC_IMPLEMENTATIONS = YES;
				CLANG_WARN_DIRECT_OBJC_ISA_USAGE = YES_ERROR;
				CLANG_WARN_DOCUMENTATION_COMMENTS = YES;
				CLANG_WARN_EMPTY_BODY = YES;
				CLANG_WARN_ENUM_CONVERSION = YES;
				CLANG_WARN_INFINITE_RECURSION = YES;
				CLANG_WARN_INT_CONVERSION = YES;
				CLANG_WARN_NON_LITERAL_NULL_CONVERSION = YES;
				CLANG_WARN_OBJC_IMPLICIT_RETAIN_SELF = YES;
				CLANG_WARN_OBJC_LITERAL_CONVERSION = YES;
				CLANG_WARN_OBJC_ROOT_CLASS = YES_ERROR;
				CLANG_WARN_QUOTED_INCLUDE_IN_FRAMEWORK_HEADER = YES;
				CLANG_WARN_RANGE_LOOP_ANALYSIS = YES;
				CLANG_WARN_STRICT_PROTOTYPES = YES;
				CLANG_WARN_SUSPICIOUS_MOVE = YES;
				CLANG_WARN_UNGUARDED_AVAILABILITY = YES_AGGRESSIVE;
				CLANG_WARN_UNREACHABLE_CODE = YES;
				CLANG_WARN__DUPLICATE_METHOD_MATCH = YES;
				COPY_PHASE_STRIP = NO;
				DEBUG_INFORMATION_FORMAT = "dwarf-with-dsym";
				DEVELOPMENT_TEAM = N45YRSUT74;
				ENABLE_NS_ASSERTIONS = NO;
				ENABLE_STRICT_OBJC_MSGSEND = YES;
				ENABLE_USER_SCRIPT_SANDBOXING = YES;
				GCC_C_LANGUAGE_STANDARD = gnu17;
				GCC_NO_COMMON_BLOCKS = YES;
				GCC_WARN_64_TO_32_BIT_CONVERSION = YES;
				GCC_WARN_ABOUT_RETURN_TYPE = YES_ERROR;
				GCC_WARN_UNDECLARED_SELECTOR = YES;
				GCC_WARN_UNINITIALIZED_AUTOS = YES_AGGRESSIVE;
				GCC_WARN_UNUSED_FUNCTION = YES;
				GCC_WARN_UNUSED_VARIABLE = YES;
				LOCALIZATION_PREFERS_STRING_CATALOGS = YES;
				MTL_ENABLE_DEBUG_INFO = NO;
				MTL_FAST_MATH = YES;
				SDKROOT = xros;
				STRING_CATALOG_GENERATE_SYMBOLS = YES;
				SWIFT_COMPILATION_MODE = wholemodule;
				VALIDATE_PRODUCT = YES;
				XROS_DEPLOYMENT_TARGET = 2.0;
			};
			name = Release;
		};
/* End XCBuildConfiguration section */

/* Begin XCConfigurationList section */
		A2BF9A5C2C9DEBCD000975F2 /* Build configuration list for PBXProject "OpenImmersive" */ = {
			isa = XCConfigurationList;
			buildConfigurations = (
				A2BF9A802C9DEBCE000975F2 /* Debug */,
				A2BF9A812C9DEBCE000975F2 /* Release */,
			);
			defaultConfigurationIsVisible = 0;
			defaultConfigurationName = Release;
		};
		A2BF9A7D2C9DEBCE000975F2 /* Build configuration list for PBXNativeTarget "OpenImmersiveApp" */ = {
			isa = XCConfigurationList;
			buildConfigurations = (
				A2BF9A7E2C9DEBCE000975F2 /* Debug */,
				A2BF9A7F2C9DEBCE000975F2 /* Release */,
			);
			defaultConfigurationIsVisible = 0;
			defaultConfigurationName = Release;
		};
/* End XCConfigurationList section */

/* Begin XCRemoteSwiftPackageReference section */
		A28F52672CE9A12300D39FF3 /* XCRemoteSwiftPackageReference "openimmersivelib" */ = {
			isa = XCRemoteSwiftPackageReference;
			repositoryURL = "https://github.com/acuteimmersive/openimmersivelib";
			requirement = {
				kind = upToNextMinorVersion;
				minimumVersion = 1.6.0;
			};
		};
/* End XCRemoteSwiftPackageReference section */

/* Begin XCSwiftPackageProductDependency section */
		A28F52682CE9A12300D39FF3 /* OpenImmersiveLib */ = {
			isa = XCSwiftPackageProductDependency;
			package = A28F52672CE9A12300D39FF3 /* XCRemoteSwiftPackageReference "openimmersivelib" */;
			productName = OpenImmersiveLib;
		};
/* End XCSwiftPackageProductDependency section */
	};
	rootObject = A2BF9A592C9DEBCD000975F2 /* Project object */;
}
