{
  "originHash" : "fe74f9e4a3a9ec6fb219308da547a36fe828e569d18c51bf7f7cfe76ef58ba07",
  "pins" : [
    {
      "identity" : "openimmersivelib",
      "kind" : "remoteSourceControl",
      "location" : "https://github.com/acuteimmersive/openimmersivelib",
      "state" : {
        "revision" : "cd33fd24354f377d47d2a9b8eae9cb267c1d47e0",
        "version" : "1.6.1"
      }
    }
  ],
  "version" : 3
}
